// !$*UTF8*$!
{
	archiveVersion = 1;
	classes = {
	};
	objectVersion = 55;
	objects = {

/* Begin PBXBuildFile section */
		CAA45EE628222E3B00C300CD /* ChkView.swift in Sources */ = {isa = PBXBuildFile; fileRef = CAA45EE528222E3B00C300CD /* ChkView.swift */; };
		CAA45EE828233B7800C300CD /* CubeBodyPiece.swift in Sources */ = {isa = PBXBuildFile; fileRef = CAA45EE728233B7800C300CD /* CubeBodyPiece.swift */; };
		CADA80F3281F45820031B5B0 /* AppDelegate.swift in Sources */ = {isa = PBXBuildFile; fileRef = CADA80F2281F45820031B5B0 /* AppDelegate.swift */; };
		CADA80F5281F45820031B5B0 /* ViewController.swift in Sources */ = {isa = PBXBuildFile; fileRef = CADA80F4281F45820031B5B0 /* ViewController.swift */; };
		CADA80F7281F45830031B5B0 /* Assets.xcassets in Resources */ = {isa = PBXBuildFile; fileRef = CADA80F6281F45830031B5B0 /* Assets.xcassets */; };
		CADA80FA281F45830031B5B0 /* Main.storyboard in Resources */ = {isa = PBXBuildFile; fileRef = CADA80F8281F45830031B5B0 /* Main.storyboard */; };
		CADA8104281F46D80031B5B0 /* Renderer.swift in Sources */ = {isa = PBXBuildFile; fileRef = CADA8103281F46D80031B5B0 /* Renderer.swift */; };
		CADA810A281F4A810031B5B0 /* Shaders.metal in Sources */ = {isa = PBXBuildFile; fileRef = CADA8109281F4A810031B5B0 /* Shaders.metal */; };
		CADA810D281F5E7F0031B5B0 /* Node.swift in Sources */ = {isa = PBXBuildFile; fileRef = CADA810C281F5E7F0031B5B0 /* Node.swift */; };
		CADA810F281F61FF0031B5B0 /* Primitive.swift in Sources */ = {isa = PBXBuildFile; fileRef = CADA810E281F61FF0031B5B0 /* Primitive.swift */; };
		CADA8111281F62DD0031B5B0 /* Renderable.swift in Sources */ = {isa = PBXBuildFile; fileRef = CADA8110281F62DD0031B5B0 /* Renderable.swift */; };
		CADA8114281F98180031B5B0 /* Scene.swift in Sources */ = {isa = PBXBuildFile; fileRef = CADA8113281F98180031B5B0 /* Scene.swift */; };
		CADA8116281FADA10031B5B0 /* Texturable.swift in Sources */ = {isa = PBXBuildFile; fileRef = CADA8115281FADA00031B5B0 /* Texturable.swift */; };
		CADA8118281FB43B0031B5B0 /* Math.swift in Sources */ = {isa = PBXBuildFile; fileRef = CADA8117281FB43B0031B5B0 /* Math.swift */; };
		CADA811A281FB5C50031B5B0 /* Camera.swift in Sources */ = {isa = PBXBuildFile; fileRef = CADA8119281FB5C50031B5B0 /* Camera.swift */; };
		CADA811E281FC0960031B5B0 /* Triangle.swift in Sources */ = {isa = PBXBuildFile; fileRef = CADA811D281FC0960031B5B0 /* Triangle.swift */; };
		CADA8120282023350031B5B0 /* Plane.swift in Sources */ = {isa = PBXBuildFile; fileRef = CADA811F282023350031B5B0 /* Plane.swift */; };
		CADA8122282030E50031B5B0 /* Cube.swift in Sources */ = {isa = PBXBuildFile; fileRef = CADA8121282030E50031B5B0 /* Cube.swift */; };
		CADA8125282199BC0031B5B0 /* TextureManager.swift in Sources */ = {isa = PBXBuildFile; fileRef = CADA8124282199BC0031B5B0 /* TextureManager.swift */; };
		CADA81272821A75A0031B5B0 /* RimuruSurprised.png in Resources */ = {isa = PBXBuildFile; fileRef = CADA81262821A75A0031B5B0 /* RimuruSurprised.png */; };
		CADA81292821BA680031B5B0 /* InputManager.swift in Sources */ = {isa = PBXBuildFile; fileRef = CADA81282821BA680031B5B0 /* InputManager.swift */; };
/* End PBXBuildFile section */

/* Begin PBXFileReference section */
		CAA45EE528222E3B00C300CD /* ChkView.swift */ = {isa = PBXFileReference; lastKnownFileType = sourcecode.swift; path = ChkView.swift; sourceTree = "<group>"; };
		CAA45EE728233B7800C300CD /* CubeBodyPiece.swift */ = {isa = PBXFileReference; lastKnownFileType = sourcecode.swift; path = CubeBodyPiece.swift; sourceTree = "<group>"; };
		CADA80EF281F45820031B5B0 /* chkRenderer.app */ = {isa = PBXFileReference; explicitFileType = wrapper.application; includeInIndex = 0; path = chkRenderer.app; sourceTree = BUILT_PRODUCTS_DIR; };
		CADA80F2281F45820031B5B0 /* AppDelegate.swift */ = {isa = PBXFileReference; lastKnownFileType = sourcecode.swift; path = AppDelegate.swift; sourceTree = "<group>"; };
		CADA80F4281F45820031B5B0 /* ViewController.swift */ = {isa = PBXFileReference; lastKnownFileType = sourcecode.swift; path = ViewController.swift; sourceTree = "<group>"; };
		CADA80F6281F45830031B5B0 /* Assets.xcassets */ = {isa = PBXFileReference; lastKnownFileType = folder.assetcatalog; path = Assets.xcassets; sourceTree = "<group>"; };
		CADA80F9281F45830031B5B0 /* Base */ = {isa = PBXFileReference; lastKnownFileType = file.storyboard; name = Base; path = Base.lproj/Main.storyboard; sourceTree = "<group>"; };
		CADA80FB281F45830031B5B0 /* chkRenderer.entitlements */ = {isa = PBXFileReference; lastKnownFileType = text.plist.entitlements; path = chkRenderer.entitlements; sourceTree = "<group>"; };
		CADA8103281F46D80031B5B0 /* Renderer.swift */ = {isa = PBXFileReference; lastKnownFileType = sourcecode.swift; path = Renderer.swift; sourceTree = "<group>"; };
		CADA8105281F49CE0031B5B0 /* chkRenderer-Bridging-Header.h */ = {isa = PBXFileReference; lastKnownFileType = sourcecode.c.h; path = "chkRenderer-Bridging-Header.h"; sourceTree = "<group>"; };
		CADA8108281F4A040031B5B0 /* ShaderDefinitions.h */ = {isa = PBXFileReference; lastKnownFileType = sourcecode.c.h; path = ShaderDefinitions.h; sourceTree = "<group>"; };
		CADA8109281F4A810031B5B0 /* Shaders.metal */ = {isa = PBXFileReference; lastKnownFileType = sourcecode.metal; path = Shaders.metal; sourceTree = "<group>"; };
		CADA810C281F5E7F0031B5B0 /* Node.swift */ = {isa = PBXFileReference; lastKnownFileType = sourcecode.swift; path = Node.swift; sourceTree = "<group>"; };
		CADA810E281F61FF0031B5B0 /* Primitive.swift */ = {isa = PBXFileReference; lastKnownFileType = sourcecode.swift; path = Primitive.swift; sourceTree = "<group>"; };
		CADA8110281F62DD0031B5B0 /* Renderable.swift */ = {isa = PBXFileReference; lastKnownFileType = sourcecode.swift; path = Renderable.swift; sourceTree = "<group>"; };
		CADA8113281F98180031B5B0 /* Scene.swift */ = {isa = PBXFileReference; lastKnownFileType = sourcecode.swift; path = Scene.swift; sourceTree = "<group>"; };
		CADA8115281FADA00031B5B0 /* Texturable.swift */ = {isa = PBXFileReference; lastKnownFileType = sourcecode.swift; path = Texturable.swift; sourceTree = "<group>"; };
		CADA8117281FB43B0031B5B0 /* Math.swift */ = {isa = PBXFileReference; lastKnownFileType = sourcecode.swift; path = Math.swift; sourceTree = "<group>"; };
		CADA8119281FB5C50031B5B0 /* Camera.swift */ = {isa = PBXFileReference; lastKnownFileType = sourcecode.swift; path = Camera.swift; sourceTree = "<group>"; };
		CADA811D281FC0960031B5B0 /* Triangle.swift */ = {isa = PBXFileReference; lastKnownFileType = sourcecode.swift; path = Triangle.swift; sourceTree = "<group>"; };
		CADA811F282023350031B5B0 /* Plane.swift */ = {isa = PBXFileReference; lastKnownFileType = sourcecode.swift; path = Plane.swift; sourceTree = "<group>"; };
		CADA8121282030E50031B5B0 /* Cube.swift */ = {isa = PBXFileReference; lastKnownFileType = sourcecode.swift; path = Cube.swift; sourceTree = "<group>"; };
		CADA8124282199BC0031B5B0 /* TextureManager.swift */ = {isa = PBXFileReference; lastKnownFileType = sourcecode.swift; path = TextureManager.swift; sourceTree = "<group>"; };
		CADA81262821A75A0031B5B0 /* RimuruSurprised.png */ = {isa = PBXFileReference; lastKnownFileType = image.png; path = RimuruSurprised.png; sourceTree = "<group>"; };
		CADA81282821BA680031B5B0 /* InputManager.swift */ = {isa = PBXFileReference; lastKnownFileType = sourcecode.swift; path = InputManager.swift; sourceTree = "<group>"; };
/* End PBXFileReference section */

/* Begin PBXFrameworksBuildPhase section */
		CADA80EC281F45820031B5B0 /* Frameworks */ = {
			isa = PBXFrameworksBuildPhase;
			buildActionMask = 2147483647;
			files = (
			);
			runOnlyForDeploymentPostprocessing = 0;
		};
/* End PBXFrameworksBuildPhase section */

/* Begin PBXGroup section */
		CADA80E6281F45820031B5B0 = {
			isa = PBXGroup;
			children = (
				CADA80F1281F45820031B5B0 /* chkRenderer */,
				CADA80F0281F45820031B5B0 /* Products */,
			);
			sourceTree = "<group>";
		};
		CADA80F0281F45820031B5B0 /* Products */ = {
			isa = PBXGroup;
			children = (
				CADA80EF281F45820031B5B0 /* chkRenderer.app */,
			);
			name = Products;
			sourceTree = "<group>";
		};
		CADA80F1281F45820031B5B0 /* chkRenderer */ = {
			isa = PBXGroup;
			children = (
				CADA81232821999E0031B5B0 /* Textures */,
				CADA810B281F5E620031B5B0 /* SceneGraph */,
				CADA8112281F97E80031B5B0 /* Scenes */,
				CADA80F2281F45820031B5B0 /* AppDelegate.swift */,
				CADA81282821BA680031B5B0 /* InputManager.swift */,
				CADA80F4281F45820031B5B0 /* ViewController.swift */,
				CAA45EE528222E3B00C300CD /* ChkView.swift */,
				CADA8103281F46D80031B5B0 /* Renderer.swift */,
				CADA8117281FB43B0031B5B0 /* Math.swift */,
				CADA8109281F4A810031B5B0 /* Shaders.metal */,
				CADA8108281F4A040031B5B0 /* ShaderDefinitions.h */,
				CADA80F6281F45830031B5B0 /* Assets.xcassets */,
				CADA80F8281F45830031B5B0 /* Main.storyboard */,
				CADA80FB281F45830031B5B0 /* chkRenderer.entitlements */,
				CADA8105281F49CE0031B5B0 /* chkRenderer-Bridging-Header.h */,
			);
			path = chkRenderer;
			sourceTree = "<group>";
		};
		CADA810B281F5E620031B5B0 /* SceneGraph */ = {
			isa = PBXGroup;
			children = (
				CADA811C281FC07B0031B5B0 /* Properties */,
				CADA811B281FC0640031B5B0 /* Primitives */,
				CADA810C281F5E7F0031B5B0 /* Node.swift */,
				CADA8113281F98180031B5B0 /* Scene.swift */,
				CADA8119281FB5C50031B5B0 /* Camera.swift */,
			);
			path = SceneGraph;
			sourceTree = "<group>";
		};
		CADA8112281F97E80031B5B0 /* Scenes */ = {
			isa = PBXGroup;
			children = (
			);
			path = Scenes;
			sourceTree = "<group>";
		};
		CADA811B281FC0640031B5B0 /* Primitives */ = {
			isa = PBXGroup;
			children = (
				CADA810E281F61FF0031B5B0 /* Primitive.swift */,
				CADA811D281FC0960031B5B0 /* Triangle.swift */,
				CADA811F282023350031B5B0 /* Plane.swift */,
				CADA8121282030E50031B5B0 /* Cube.swift */,
				CAA45EE728233B7800C300CD /* CubeBodyPiece.swift */,
			);
			path = Primitives;
			sourceTree = "<group>";
		};
		CADA811C281FC07B0031B5B0 /* Properties */ = {
			isa = PBXGroup;
			children = (
				CADA8110281F62DD0031B5B0 /* Renderable.swift */,
				CADA8115281FADA00031B5B0 /* Texturable.swift */,
			);
			path = Properties;
			sourceTree = "<group>";
		};
		CADA81232821999E0031B5B0 /* Textures */ = {
			isa = PBXGroup;
			children = (
				CADA81262821A75A0031B5B0 /* RimuruSurprised.png */,
				CADA8124282199BC0031B5B0 /* TextureManager.swift */,
			);
			path = Textures;
			sourceTree = "<group>";
		};
/* End PBXGroup section */

/* Begin PBXNativeTarget section */
		CADA80EE281F45820031B5B0 /* chkRenderer */ = {
			isa = PBXNativeTarget;
			buildConfigurationList = CADA80FE281F45830031B5B0 /* Build configuration list for PBXNativeTarget "chkRenderer" */;
			buildPhases = (
				CADA80EB281F45820031B5B0 /* Sources */,
				CADA80EC281F45820031B5B0 /* Frameworks */,
				CADA80ED281F45820031B5B0 /* Resources */,
			);
			buildRules = (
			);
			dependencies = (
			);
			name = chkRenderer;
			productName = chkRenderer;
			productReference = CADA80EF281F45820031B5B0 /* chkRenderer.app */;
			productType = "com.apple.product-type.application";
		};
/* End PBXNativeTarget section */

/* Begin PBXProject section */
		CADA80E7281F45820031B5B0 /* Project object */ = {
			isa = PBXProject;
			attributes = {
				BuildIndependentTargetsInParallel = 1;
				LastSwiftUpdateCheck = 1330;
				LastUpgradeCheck = 1330;
				TargetAttributes = {
					CADA80EE281F45820031B5B0 = {
						CreatedOnToolsVersion = 13.3.1;
						LastSwiftMigration = 1330;
					};
				};
			};
			buildConfigurationList = CADA80EA281F45820031B5B0 /* Build configuration list for PBXProject "chkRenderer" */;
			compatibilityVersion = "Xcode 13.0";
			developmentRegion = en;
			hasScannedForEncodings = 0;
			knownRegions = (
				en,
				Base,
			);
			mainGroup = CADA80E6281F45820031B5B0;
			productRefGroup = CADA80F0281F45820031B5B0 /* Products */;
			projectDirPath = "";
			projectRoot = "";
			targets = (
				CADA80EE281F45820031B5B0 /* chkRenderer */,
			);
		};
/* End PBXProject section */

/* Begin PBXResourcesBuildPhase section */
		CADA80ED281F45820031B5B0 /* Resources */ = {
			isa = PBXResourcesBuildPhase;
			buildActionMask = 2147483647;
			files = (
				CADA80F7281F45830031B5B0 /* Assets.xcassets in Resources */,
				CADA80FA281F45830031B5B0 /* Main.storyboard in Resources */,
				CADA81272821A75A0031B5B0 /* RimuruSurprised.png in Resources */,
			);
			runOnlyForDeploymentPostprocessing = 0;
		};
/* End PBXResourcesBuildPhase section */

/* Begin PBXSourcesBuildPhase section */
		CADA80EB281F45820031B5B0 /* Sources */ = {
			isa = PBXSourcesBuildPhase;
			buildActionMask = 2147483647;
			files = (
				CADA811A281FB5C50031B5B0 /* Camera.swift in Sources */,
				CADA810A281F4A810031B5B0 /* Shaders.metal in Sources */,
				CADA810F281F61FF0031B5B0 /* Primitive.swift in Sources */,
				CADA8120282023350031B5B0 /* Plane.swift in Sources */,
				CADA811E281FC0960031B5B0 /* Triangle.swift in Sources */,
				CADA8111281F62DD0031B5B0 /* Renderable.swift in Sources */,
				CADA810D281F5E7F0031B5B0 /* Node.swift in Sources */,
				CADA8125282199BC0031B5B0 /* TextureManager.swift in Sources */,
				CADA81292821BA680031B5B0 /* InputManager.swift in Sources */,
				CAA45EE828233B7800C300CD /* CubeBodyPiece.swift in Sources */,
				CADA8114281F98180031B5B0 /* Scene.swift in Sources */,
				CADA80F5281F45820031B5B0 /* ViewController.swift in Sources */,
				CADA8104281F46D80031B5B0 /* Renderer.swift in Sources */,
				CAA45EE628222E3B00C300CD /* ChkView.swift in Sources */,
				CADA8116281FADA10031B5B0 /* Texturable.swift in Sources */,
				CADA8118281FB43B0031B5B0 /* Math.swift in Sources */,
				CADA8122282030E50031B5B0 /* Cube.swift in Sources */,
				CADA80F3281F45820031B5B0 /* AppDelegate.swift in Sources */,
			);
			runOnlyForDeploymentPostprocessing = 0;
		};
/* End PBXSourcesBuildPhase section */

/* Begin PBXVariantGroup section */
		CADA80F8281F45830031B5B0 /* Main.storyboard */ = {
			isa = PBXVariantGroup;
			children = (
				CADA80F9281F45830031B5B0 /* Base */,
			);
			name = Main.storyboard;
			sourceTree = "<group>";
		};
/* End PBXVariantGroup section */

/* Begin XCBuildConfiguration section */
		CADA80FC281F45830031B5B0 /* Debug */ = {
			isa = XCBuildConfiguration;
			buildSettings = {
				ALWAYS_SEARCH_USER_PATHS = NO;
				CLANG_ANALYZER_NONNULL = YES;
				CLANG_ANALYZER_NUMBER_OBJECT_CONVERSION = YES_AGGRESSIVE;
				CLANG_CXX_LANGUAGE_STANDARD = "gnu++17";
				CLANG_ENABLE_MODULES = YES;
				CLANG_ENABLE_OBJC_ARC = YES;
				CLANG_ENABLE_OBJC_WEAK = YES;
				CLANG_WARN_BLOCK_CAPTURE_AUTORELEASING = YES;
				CLANG_WARN_BOOL_CONVERSION = YES;
				CLANG_WARN_COMMA = YES;
				CLANG_WARN_CONSTANT_CONVERSION = YES;
				CLANG_WARN_DEPRECATED_OBJC_IMPLEMENTATIONS = YES;
				CLANG_WARN_DIRECT_OBJC_ISA_USAGE = YES_ERROR;
				CLANG_WARN_DOCUMENTATION_COMMENTS = YES;
				CLANG_WARN_EMPTY_BODY = YES;
				CLANG_WARN_ENUM_CONVERSION = YES;
				CLANG_WARN_INFINITE_RECURSION = YES;
				CLANG_WARN_INT_CONVERSION = YES;
				CLANG_WARN_NON_LITERAL_NULL_CONVERSION = YES;
				CLANG_WARN_OBJC_IMPLICIT_RETAIN_SELF = YES;
				CLANG_WARN_OBJC_LITERAL_CONVERSION = YES;
				CLANG_WARN_OBJC_ROOT_CLASS = YES_ERROR;
				CLANG_WARN_QUOTED_INCLUDE_IN_FRAMEWORK_HEADER = YES;
				CLANG_WARN_RANGE_LOOP_ANALYSIS = YES;
				CLANG_WARN_STRICT_PROTOTYPES = YES;
				CLANG_WARN_SUSPICIOUS_MOVE = YES;
				CLANG_WARN_UNGUARDED_AVAILABILITY = YES_AGGRESSIVE;
				CLANG_WARN_UNREACHABLE_CODE = YES;
				CLANG_WARN__DUPLICATE_METHOD_MATCH = YES;
				COPY_PHASE_STRIP = NO;
				DEBUG_INFORMATION_FORMAT = dwarf;
				ENABLE_STRICT_OBJC_MSGSEND = YES;
				ENABLE_TESTABILITY = YES;
				GCC_C_LANGUAGE_STANDARD = gnu11;
				GCC_DYNAMIC_NO_PIC = NO;
				GCC_NO_COMMON_BLOCKS = YES;
				GCC_OPTIMIZATION_LEVEL = 0;
				GCC_PREPROCESSOR_DEFINITIONS = (
					"DEBUG=1",
					"$(inherited)",
				);
				GCC_WARN_64_TO_32_BIT_CONVERSION = YES;
				GCC_WARN_ABOUT_RETURN_TYPE = YES_ERROR;
				GCC_WARN_UNDECLARED_SELECTOR = YES;
				GCC_WARN_UNINITIALIZED_AUTOS = YES_AGGRESSIVE;
				GCC_WARN_UNUSED_FUNCTION = YES;
				GCC_WARN_UNUSED_VARIABLE = YES;
				MACOSX_DEPLOYMENT_TARGET = 12.3;
				MTL_ENABLE_DEBUG_INFO = INCLUDE_SOURCE;
				MTL_FAST_MATH = YES;
				ONLY_ACTIVE_ARCH = YES;
				SDKROOT = macosx;
				SWIFT_ACTIVE_COMPILATION_CONDITIONS = DEBUG;
				SWIFT_OPTIMIZATION_LEVEL = "-Onone";
			};
			name = Debug;
		};
		CADA80FD281F45830031B5B0 /* Release */ = {
			isa = XCBuildConfiguration;
			buildSettings = {
				ALWAYS_SEARCH_USER_PATHS = NO;
				CLANG_ANALYZER_NONNULL = YES;
				CLANG_ANALYZER_NUMBER_OBJECT_CONVERSION = YES_AGGRESSIVE;
				CLANG_CXX_LANGUAGE_STANDARD = "gnu++17";
				CLANG_ENABLE_MODULES = YES;
				CLANG_ENABLE_OBJC_ARC = YES;
				CLANG_ENABLE_OBJC_WEAK = YES;
				CLANG_WARN_BLOCK_CAPTURE_AUTORELEASING = YES;
				CLANG_WARN_BOOL_CONVERSION = YES;
				CLANG_WARN_COMMA = YES;
				CLANG_WARN_CONSTANT_CONVERSION = YES;
				CLANG_WARN_DEPRECATED_OBJC_IMPLEMENTATIONS = YES;
				CLANG_WARN_DIRECT_OBJC_ISA_USAGE = YES_ERROR;
				CLANG_WARN_DOCUMENTATION_COMMENTS = YES;
				CLANG_WARN_EMPTY_BODY = YES;
				CLANG_WARN_ENUM_CONVERSION = YES;
				CLANG_WARN_INFINITE_RECURSION = YES;
				CLANG_WARN_INT_CONVERSION = YES;
				CLANG_WARN_NON_LITERAL_NULL_CONVERSION = YES;
				CLANG_WARN_OBJC_IMPLICIT_RETAIN_SELF = YES;
				CLANG_WARN_OBJC_LITERAL_CONVERSION = YES;
				CLANG_WARN_OBJC_ROOT_CLASS = YES_ERROR;
				CLANG_WARN_QUOTED_INCLUDE_IN_FRAMEWORK_HEADER = YES;
				CLANG_WARN_RANGE_LOOP_ANALYSIS = YES;
				CLANG_WARN_STRICT_PROTOTYPES = YES;
				CLANG_WARN_SUSPICIOUS_MOVE = YES;
				CLANG_WARN_UNGUARDED_AVAILABILITY = YES_AGGRESSIVE;
				CLANG_WARN_UNREACHABLE_CODE = YES;
				CLANG_WARN__DUPLICATE_METHOD_MATCH = YES;
				COPY_PHASE_STRIP = NO;
				DEBUG_INFORMATION_FORMAT = "dwarf-with-dsym";
				ENABLE_NS_ASSERTIONS = NO;
				ENABLE_STRICT_OBJC_MSGSEND = YES;
				GCC_C_LANGUAGE_STANDARD = gnu11;
				GCC_NO_COMMON_BLOCKS = YES;
				GCC_WARN_64_TO_32_BIT_CONVERSION = YES;
				GCC_WARN_ABOUT_RETURN_TYPE = YES_ERROR;
				GCC_WARN_UNDECLARED_SELECTOR = YES;
				GCC_WARN_UNINITIALIZED_AUTOS = YES_AGGRESSIVE;
				GCC_WARN_UNUSED_FUNCTION = YES;
				GCC_WARN_UNUSED_VARIABLE = YES;
				MACOSX_DEPLOYMENT_TARGET = 12.3;
				MTL_ENABLE_DEBUG_INFO = NO;
				MTL_FAST_MATH = YES;
				SDKROOT = macosx;
				SWIFT_COMPILATION_MODE = wholemodule;
				SWIFT_OPTIMIZATION_LEVEL = "-O";
			};
			name = Release;
		};
		CADA80FF281F45830031B5B0 /* Debug */ = {
			isa = XCBuildConfiguration;
			buildSettings = {
				ASSETCATALOG_COMPILER_APPICON_NAME = AppIcon;
				ASSETCATALOG_COMPILER_GLOBAL_ACCENT_COLOR_NAME = AccentColor;
				CLANG_ENABLE_MODULES = YES;
				CODE_SIGN_ENTITLEMENTS = chkRenderer/chkRenderer.entitlements;
				CODE_SIGN_STYLE = Automatic;
				COMBINE_HIDPI_IMAGES = YES;
				CURRENT_PROJECT_VERSION = 1;
				DEVELOPMENT_TEAM = BNH4MACC88;
				ENABLE_HARDENED_RUNTIME = YES;
				GENERATE_INFOPLIST_FILE = YES;
				INFOPLIST_KEY_NSHumanReadableCopyright = "";
				INFOPLIST_KEY_NSMainStoryboardFile = Main;
				INFOPLIST_KEY_NSPrincipalClass = NSApplication;
				LD_RUNPATH_SEARCH_PATHS = (
					"$(inherited)",
					"@executable_path/../Frameworks",
				);
				MARKETING_VERSION = 1.0;
				PRODUCT_BUNDLE_IDENTIFIER = chk.chkRenderer;
				PRODUCT_NAME = "$(TARGET_NAME)";
				SWIFT_EMIT_LOC_STRINGS = YES;
				SWIFT_OBJC_BRIDGING_HEADER = "chkRenderer/chkRenderer-Bridging-Header.h";
				SWIFT_OPTIMIZATION_LEVEL = "-Onone";
				SWIFT_VERSION = 5.0;
			};
			name = Debug;
		};
		CADA8100281F45830031B5B0 /* Release */ = {
			isa = XCBuildConfiguration;
			buildSettings = {
				ASSETCATALOG_COMPILER_APPICON_NAME = AppIcon;
				ASSETCATALOG_COMPILER_GLOBAL_ACCENT_COLOR_NAME = AccentColor;
				CLANG_ENABLE_MODULES = YES;
				CODE_SIGN_ENTITLEMENTS = chkRenderer/chkRenderer.entitlements;
				CODE_SIGN_STYLE = Automatic;
				COMBINE_HIDPI_IMAGES = YES;
				CURRENT_PROJECT_VERSION = 1;
				DEVELOPMENT_TEAM = BNH4MACC88;
				ENABLE_HARDENED_RUNTIME = YES;
				GENERATE_INFOPLIST_FILE = YES;
				INFOPLIST_KEY_NSHumanReadableCopyright = "";
				INFOPLIST_KEY_NSMainStoryboardFile = Main;
				INFOPLIST_KEY_NSPrincipalClass = NSApplication;
				LD_RUNPATH_SEARCH_PATHS = (
					"$(inherited)",
					"@executable_path/../Frameworks",
				);
				MARKETING_VERSION = 1.0;
				PRODUCT_BUNDLE_IDENTIFIER = chk.chkRenderer;
				PRODUCT_NAME = "$(TARGET_NAME)";
				SWIFT_EMIT_LOC_STRINGS = YES;
				SWIFT_OBJC_BRIDGING_HEADER = "chkRenderer/chkRenderer-Bridging-Header.h";
				SWIFT_VERSION = 5.0;
			};
			name = Release;
		};
/* End XCBuildConfiguration section */

/* Begin XCConfigurationList section */
		CADA80EA281F45820031B5B0 /* Build configuration list for PBXProject "chkRenderer" */ = {
			isa = XCConfigurationList;
			buildConfigurations = (
				CADA80FC281F45830031B5B0 /* Debug */,
				CADA80FD281F45830031B5B0 /* Release */,
			);
			defaultConfigurationIsVisible = 0;
			defaultConfigurationName = Release;
		};
		CADA80FE281F45830031B5B0 /* Build configuration list for PBXNativeTarget "chkRenderer" */ = {
			isa = XCConfigurationList;
			buildConfigurations = (
				CADA80FF281F45830031B5B0 /* Debug */,
				CADA8100281F45830031B5B0 /* Release */,
			);
			defaultConfigurationIsVisible = 0;
			defaultConfigurationName = Release;
		};
/* End XCConfigurationList section */
	};
	rootObject = CADA80E7281F45820031B5B0 /* Project object */;
}
